
Microsoft Visual Studio Solution File, Format Version 12.00
# Visual Studio Version 17
VisualStudioVersion = 17.13.35825.156 d17.13
MinimumVisualStudioVersion = 10.0.40219.1
Project("{FAE04EC0-301F-11D3-BF4B-00C04F79EFBC}") = "EFQuiz", "EFQuiz\EFQuiz.csproj", "{11238E70-9321-4B84-808C-52D91895EC10}"
EndProject
Global
	GlobalSection(SolutionConfigurationPlatforms) = preSolution
		Debug|Any CPU = Debug|Any CPU
		Release|Any CPU = Release|Any CPU
	EndGlobalSection
	GlobalSection(ProjectConfigurationPlatforms) = postSolution
		{11238E70-9321-4B84-808C-52D91895EC10}.Debug|Any CPU.ActiveCfg = Debug|Any CPU
		{11238E70-9321-4B84-808C-52D91895EC10}.Debug|Any CPU.Build.0 = Debug|Any CPU
		{11238E70-9321-4B84-808C-52D91895EC10}.Release|Any CPU.ActiveCfg = Release|Any CPU
		{11238E70-9321-4B84-808C-52D91895EC10}.Release|Any CPU.Build.0 = Release|Any CPU
	EndGlobalSection
	GlobalSection(SolutionProperties) = preSolution
		HideSolutionNode = FALSE
	EndGlobalSection
	GlobalSection(ExtensibilityGlobals) = postSolution
		SolutionGuid = {198C3B75-5F5D-4618-9653-4E5362C56DB0}
	EndGlobalSection
EndGlobal
